
Microsoft Visual Studio Solution File, Format Version 12.00
# Visual Studio 2012
Project("{2150E333-8FDC-42A3-9474-1A3956D46DE8}") = "Solution Items", "Solution Items", "{11E53CA8-C8C4-4C4D-8600-A86F4CB7A7D0}"
	ProjectSection(SolutionItems) = preProject
		Local.testsettings = Local.testsettings
		MITD.Framework.vsmdi = MITD.Framework.vsmdi
		MITDFramework.pfx = MITDFramework.pfx
		TraceAndTestImpact.testsettings = TraceAndTestImpact.testsettings
	EndProjectSection
EndProject
Project("{2150E333-8FDC-42A3-9474-1A3956D46DE8}") = "Data", "Data", "{94BA2FF6-1EBF-4F12-8A98-D840FC037941}"
EndProject
Project("{2150E333-8FDC-42A3-9474-1A3956D46DE8}") = "Domain", "Domain", "{8209E700-18E3-49F4-93F8-51D84EA23C05}"
EndProject
Project("{2150E333-8FDC-42A3-9474-1A3956D46DE8}") = "Service", "Service", "{CA8C4659-45FD-497C-A5B7-A7BE1DEB337A}"
EndProject
Project("{FAE04EC0-301F-11D3-BF4B-00C04F79EFBC}") = "MITD.Domain.Repository", "MITD.Domain.Repository\MITD.Domain.Repository.csproj", "{08054946-DB62-4C82-B0B1-49F4337626C2}"
EndProject
Project("{FAE04EC0-301F-11D3-BF4B-00C04F79EFBC}") = "MITD.Domain.Repository.Web", "MITD.Domain.Repository.Web\MITD.Domain.Repository.Web.csproj", "{83D46C9E-76C8-4A6E-8FD8-3DA4279FC59C}"
EndProject
Project("{FAE04EC0-301F-11D3-BF4B-00C04F79EFBC}") = "MITD.DataAccess.EF", "MITD.DataAccess.EF\MITD.DataAccess.EF.csproj", "{593C83CB-8F3C-4A0B-BA8C-306CDDDD3103}"
EndProject
Project("{FAE04EC0-301F-11D3-BF4B-00C04F79EFBC}") = "MITD.DataAccess.Test", "MITD.DataAcce.EF.Test\MITD.DataAccess.Test.csproj", "{76574DDB-8EDE-4ABF-8696-B1C9E7189304}"
EndProject
Project("{FAE04EC0-301F-11D3-BF4B-00C04F79EFBC}") = "MITD.Domain.Model", "MITD.Domain.Model\MITD.Domain.Model.csproj", "{43898715-C087-45C0-A4CA-7145E05C95B6}"
EndProject
Project("{FAE04EC0-301F-11D3-BF4B-00C04F79EFBC}") = "MITD.Domain.Repository.Web.Test", "MITD.Domain.Repository.Web.Test\MITD.Domain.Repository.Web.Test.csproj", "{FCA18EAF-AB24-4469-ABDF-6A7EDFAFD899}"
EndProject
Project("{FAE04EC0-301F-11D3-BF4B-00C04F79EFBC}") = "MITD.TestLayer.DataAccess.EF", "MITD.TestLayer.DataAccess.EF\MITD.TestLayer.DataAccess.EF.csproj", "{815303C7-B11D-4141-9C07-2A62716D4ACB}"
EndProject
Project("{2150E333-8FDC-42A3-9474-1A3956D46DE8}") = "Core", "Core", "{2A019602-B011-473E-9903-4ECC79476ADE}"
EndProject
Project("{FAE04EC0-301F-11D3-BF4B-00C04F79EFBC}") = "MITD.Core", "MITD.Core\MITD.Core.csproj", "{ABD6A578-54F4-4FD9-9553-A0C4D99F7DF0}"
EndProject
Project("{FAE04EC0-301F-11D3-BF4B-00C04F79EFBC}") = "MITD.Core.SL", "MITD.Core.SL\MITD.Core.SL.csproj", "{F903DFC2-F96E-4D84-BAAF-F793AC979637}"
EndProject
Project("{FAE04EC0-301F-11D3-BF4B-00C04F79EFBC}") = "MITD.Core.Tests", "MITD.Core.Tests\MITD.Core.Tests.csproj", "{C4A8EA60-A8AD-4CE7-8591-7A7195CCC9E3}"
EndProject
Project("{2150E333-8FDC-42A3-9474-1A3956D46DE8}") = "Presentation", "Presentation", "{7D826420-49A0-4A82-AF46-27526B904134}"
EndProject
Project("{FAE04EC0-301F-11D3-BF4B-00C04F79EFBC}") = "MITD.Presentation", "MITD.Presentation\MITD.Presentation.csproj", "{6ED66E98-2C3B-4C69-956C-4A9516766100}"
EndProject
Project("{FAE04EC0-301F-11D3-BF4B-00C04F79EFBC}") = "MITD.Presentation.SL", "MITD.Presentation.SL\MITD.Presentation.SL.csproj", "{B2E1D09C-5034-4069-87C2-940473322CE3}"
EndProject
Project("{FAE04EC0-301F-11D3-BF4B-00C04F79EFBC}") = "MITD.Presentation.UI.SL", "MITD.Presentation.UI.SL\MITD.Presentation.UI.SL.csproj", "{2A30F639-910C-4BD3-BCE7-CE36EA7D7D4F}"
EndProject
Project("{FAE04EC0-301F-11D3-BF4B-00C04F79EFBC}") = "MITD.Presentation.UI.WPF", "MITD.Presentation.UI.WPF\MITD.Presentation.UI.WPF.csproj", "{B3AADB8D-DE5B-4F8D-96A3-1C559A80E11D}"
EndProject
Project("{FAE04EC0-301F-11D3-BF4B-00C04F79EFBC}") = "TestSilverlightControls", "TestSilverlightControls\TestSilverlightControls.csproj", "{735C854C-7962-4CC6-AB74-05FF0EF7A6D2}"
EndProject
Project("{FAE04EC0-301F-11D3-BF4B-00C04F79EFBC}") = "TestSilverlightControls.Web", "TestSilverlightControls.Web\TestSilverlightControls.Web.csproj", "{D84A2FBF-FD2A-4C38-ABFF-382A4CE1580B}"
EndProject
Project("{FAE04EC0-301F-11D3-BF4B-00C04F79EFBC}") = "MITD.Services", "MITD.Services\MITD.Services.csproj", "{9C180FD8-6D64-4112-ABF0-1C177C413A3C}"
EndProject
Project("{FAE04EC0-301F-11D3-BF4B-00C04F79EFBC}") = "SIC.Services.SL", "MITD.Services.SL\SIC.Services.SL.csproj", "{B6B2D24F-2B2C-49ED-BAB6-468FFBE63A53}"
EndProject
Project("{FAE04EC0-301F-11D3-BF4B-00C04F79EFBC}") = "MITD.Domain.Repository.SL", "MITD.Domain.Repository.SL\MITD.Domain.Repository.SL.csproj", "{C6FEFCBF-307D-4AB7-A9EA-EB49C46BB588}"
EndProject
Project("{FAE04EC0-301F-11D3-BF4B-00C04F79EFBC}") = "MITD.Core.Web", "MITD.Core.Web\MITD.Core.Web.csproj", "{8911029A-B1C5-4F55-AD8E-579517E6505D}"
EndProject
Project("{FAE04EC0-301F-11D3-BF4B-00C04F79EFBC}") = "MITD.Presentation.Config.Castle", "MITD.Presentation.Config.Castle\MITD.Presentation.Config.Castle.csproj", "{DB1A4E54-8C38-4B85-89B7-81A94005565D}"
EndProject
Project("{FAE04EC0-301F-11D3-BF4B-00C04F79EFBC}") = "MITD.Presentation.Config.Castle.SL", "MITD.Presentation.Config.Castle.SL\MITD.Presentation.Config.Castle.SL.csproj", "{588B7BAB-0B68-4A2B-80FE-48140E80FEED}"
EndProject
Project("{FAE04EC0-301F-11D3-BF4B-00C04F79EFBC}") = "MITD.DataAccess.EF.Config.Castle", "MITD.DataAccess.EF.Config.Castle\MITD.DataAccess.EF.Config.Castle.csproj", "{75061A6F-EC10-4D1C-8E57-C70003B6073C}"
EndProject
Project("{FAE04EC0-301F-11D3-BF4B-00C04F79EFBC}") = "MITD.Core.Config.Castle", "MITD.Core.Config.Castle\MITD.Core.Config.Castle.csproj", "{B6AEA854-76D1-4221-B8C8-FF9D5D623AE6}"
EndProject
Project("{FAE04EC0-301F-11D3-BF4B-00C04F79EFBC}") = "MITD.Core.Config.Castle.SL", "MITD.Core.Config.Castle.SL\MITD.Core.Config.Castle.SL.csproj", "{3570D6B6-8DF9-407B-96BC-85F5D4ECB9D7}"
EndProject
Project("{FAE04EC0-301F-11D3-BF4B-00C04F79EFBC}") = "MITD.Core.Config.Unity", "MITD.Core.Config.Unity\MITD.Core.Config.Unity.csproj", "{CE9E7584-C899-4D17-9115-E679C10A7F2C}"
EndProject
Project("{FAE04EC0-301F-11D3-BF4B-00C04F79EFBC}") = "MITD.DataAccess.NH", "MITD.DataAccess.NH\MITD.DataAccess.NH.csproj", "{23CD3FA1-61E9-45E7-9D52-553F68DA356F}"
EndProject
Project("{FAE04EC0-301F-11D3-BF4B-00C04F79EFBC}") = "MITD.TestLayer.DataAccess.NH", "MITD.TestLayer.DataAccess.NH\MITD.TestLayer.DataAccess.NH.csproj", "{7AAC79D5-65AC-424E-B202-C5CD1E568BD9}"
EndProject
Project("{FAE04EC0-301F-11D3-BF4B-00C04F79EFBC}") = "MITD.TestLayer.Model", "MITD.TestLayer.Model\MITD.TestLayer.Model.csproj", "{C65AA38F-A7B5-4932-BF2F-24107F7D783C}"
EndProject
Project("{FAE04EC0-301F-11D3-BF4B-00C04F79EFBC}") = "MITD.DataAccess.NH.Config.Castle", "MITD.DataAccess.NH.Config.Castle\MITD.DataAccess.NH.Config.Castle.csproj", "{47384B46-2C65-4B6A-83BB-C43798383049}"
EndProject
Project("{2150E333-8FDC-42A3-9474-1A3956D46DE8}") = "RuleEngine", "RuleEngine", "{88B5957C-9D53-468F-A2D0-EAB970DFD7D1}"
EndProject
Project("{FAE04EC0-301F-11D3-BF4B-00C04F79EFBC}") = "MITD.Core.RuleEngine", "MITD.Core.RuleEngine\MITD.Core.RuleEngine.csproj", "{B1FFECE4-B768-419D-AC31-837E0A759369}"
EndProject
Project("{FAE04EC0-301F-11D3-BF4B-00C04F79EFBC}") = "MITD.Core.RuleEngine.NH", "MITD.Core.RuleEngine.NH\MITD.Core.RuleEngine.NH.csproj", "{588B0512-8F26-454C-B72C-A38E9B5FD129}"
EndProject
Project("{FAE04EC0-301F-11D3-BF4B-00C04F79EFBC}") = "MITD.Core.RuleEngine.Migration", "MITD.Core.RuleEngine.Migration\MITD.Core.RuleEngine.Migration.csproj", "{EB7EB57D-8F1E-4FA2-AA5F-B04F498DB5C5}"
EndProject
Project("{FAE04EC0-301F-11D3-BF4B-00C04F79EFBC}") = "MITD.Core.RuleEngine.Test", "MITD.Core.RuleEngine.Test\MITD.Core.RuleEngine.Test.csproj", "{5F5E2ABB-3164-4588-8832-44C137F9BDAF}"
EndProject
Global
	GlobalSection(TestCaseManagementSettings) = postSolution
		CategoryFile = MITD.Framework.vsmdi
	EndGlobalSection
	GlobalSection(SolutionConfigurationPlatforms) = preSolution
		Debug|Any CPU = Debug|Any CPU
		Normal|Any CPU = Normal|Any CPU
		Release|Any CPU = Release|Any CPU
	EndGlobalSection
	GlobalSection(ProjectConfigurationPlatforms) = postSolution
		{08054946-DB62-4C82-B0B1-49F4337626C2}.Debug|Any CPU.ActiveCfg = Debug|Any CPU
		{08054946-DB62-4C82-B0B1-49F4337626C2}.Debug|Any CPU.Build.0 = Debug|Any CPU
		{08054946-DB62-4C82-B0B1-49F4337626C2}.Normal|Any CPU.ActiveCfg = Release|Any CPU
		{08054946-DB62-4C82-B0B1-49F4337626C2}.Normal|Any CPU.Build.0 = Release|Any CPU
		{08054946-DB62-4C82-B0B1-49F4337626C2}.Release|Any CPU.ActiveCfg = Release|Any CPU
		{08054946-DB62-4C82-B0B1-49F4337626C2}.Release|Any CPU.Build.0 = Release|Any CPU
		{83D46C9E-76C8-4A6E-8FD8-3DA4279FC59C}.Debug|Any CPU.ActiveCfg = Debug|Any CPU
		{83D46C9E-76C8-4A6E-8FD8-3DA4279FC59C}.Debug|Any CPU.Build.0 = Debug|Any CPU
		{83D46C9E-76C8-4A6E-8FD8-3DA4279FC59C}.Normal|Any CPU.ActiveCfg = Release|Any CPU
		{83D46C9E-76C8-4A6E-8FD8-3DA4279FC59C}.Normal|Any CPU.Build.0 = Release|Any CPU
		{83D46C9E-76C8-4A6E-8FD8-3DA4279FC59C}.Release|Any CPU.ActiveCfg = Release|Any CPU
		{83D46C9E-76C8-4A6E-8FD8-3DA4279FC59C}.Release|Any CPU.Build.0 = Release|Any CPU
		{593C83CB-8F3C-4A0B-BA8C-306CDDDD3103}.Debug|Any CPU.ActiveCfg = Debug|Any CPU
		{593C83CB-8F3C-4A0B-BA8C-306CDDDD3103}.Debug|Any CPU.Build.0 = Debug|Any CPU
		{593C83CB-8F3C-4A0B-BA8C-306CDDDD3103}.Normal|Any CPU.ActiveCfg = Release|Any CPU
		{593C83CB-8F3C-4A0B-BA8C-306CDDDD3103}.Normal|Any CPU.Build.0 = Release|Any CPU
		{593C83CB-8F3C-4A0B-BA8C-306CDDDD3103}.Release|Any CPU.ActiveCfg = Release|Any CPU
		{593C83CB-8F3C-4A0B-BA8C-306CDDDD3103}.Release|Any CPU.Build.0 = Release|Any CPU
		{76574DDB-8EDE-4ABF-8696-B1C9E7189304}.Debug|Any CPU.ActiveCfg = Debug|Any CPU
		{76574DDB-8EDE-4ABF-8696-B1C9E7189304}.Debug|Any CPU.Build.0 = Debug|Any CPU
		{76574DDB-8EDE-4ABF-8696-B1C9E7189304}.Normal|Any CPU.ActiveCfg = Release|Any CPU
		{76574DDB-8EDE-4ABF-8696-B1C9E7189304}.Normal|Any CPU.Build.0 = Release|Any CPU
		{76574DDB-8EDE-4ABF-8696-B1C9E7189304}.Release|Any CPU.ActiveCfg = Release|Any CPU
		{76574DDB-8EDE-4ABF-8696-B1C9E7189304}.Release|Any CPU.Build.0 = Release|Any CPU
		{43898715-C087-45C0-A4CA-7145E05C95B6}.Debug|Any CPU.ActiveCfg = Debug|Any CPU
		{43898715-C087-45C0-A4CA-7145E05C95B6}.Debug|Any CPU.Build.0 = Debug|Any CPU
		{43898715-C087-45C0-A4CA-7145E05C95B6}.Normal|Any CPU.ActiveCfg = Release|Any CPU
		{43898715-C087-45C0-A4CA-7145E05C95B6}.Normal|Any CPU.Build.0 = Release|Any CPU
		{43898715-C087-45C0-A4CA-7145E05C95B6}.Release|Any CPU.ActiveCfg = Release|Any CPU
		{43898715-C087-45C0-A4CA-7145E05C95B6}.Release|Any CPU.Build.0 = Release|Any CPU
		{FCA18EAF-AB24-4469-ABDF-6A7EDFAFD899}.Debug|Any CPU.ActiveCfg = Debug|Any CPU
		{FCA18EAF-AB24-4469-ABDF-6A7EDFAFD899}.Debug|Any CPU.Build.0 = Debug|Any CPU
		{FCA18EAF-AB24-4469-ABDF-6A7EDFAFD899}.Normal|Any CPU.ActiveCfg = Release|Any CPU
		{FCA18EAF-AB24-4469-ABDF-6A7EDFAFD899}.Normal|Any CPU.Build.0 = Release|Any CPU
		{FCA18EAF-AB24-4469-ABDF-6A7EDFAFD899}.Release|Any CPU.ActiveCfg = Release|Any CPU
		{FCA18EAF-AB24-4469-ABDF-6A7EDFAFD899}.Release|Any CPU.Build.0 = Release|Any CPU
		{815303C7-B11D-4141-9C07-2A62716D4ACB}.Debug|Any CPU.ActiveCfg = Debug|Any CPU
		{815303C7-B11D-4141-9C07-2A62716D4ACB}.Debug|Any CPU.Build.0 = Debug|Any CPU
		{815303C7-B11D-4141-9C07-2A62716D4ACB}.Normal|Any CPU.ActiveCfg = Release|Any CPU
		{815303C7-B11D-4141-9C07-2A62716D4ACB}.Normal|Any CPU.Build.0 = Release|Any CPU
		{815303C7-B11D-4141-9C07-2A62716D4ACB}.Release|Any CPU.ActiveCfg = Release|Any CPU
		{815303C7-B11D-4141-9C07-2A62716D4ACB}.Release|Any CPU.Build.0 = Release|Any CPU
		{ABD6A578-54F4-4FD9-9553-A0C4D99F7DF0}.Debug|Any CPU.ActiveCfg = Debug|Any CPU
		{ABD6A578-54F4-4FD9-9553-A0C4D99F7DF0}.Debug|Any CPU.Build.0 = Debug|Any CPU
		{ABD6A578-54F4-4FD9-9553-A0C4D99F7DF0}.Normal|Any CPU.ActiveCfg = Normal|Any CPU
		{ABD6A578-54F4-4FD9-9553-A0C4D99F7DF0}.Normal|Any CPU.Build.0 = Normal|Any CPU
		{ABD6A578-54F4-4FD9-9553-A0C4D99F7DF0}.Release|Any CPU.ActiveCfg = Release|Any CPU
		{ABD6A578-54F4-4FD9-9553-A0C4D99F7DF0}.Release|Any CPU.Build.0 = Release|Any CPU
		{F903DFC2-F96E-4D84-BAAF-F793AC979637}.Debug|Any CPU.ActiveCfg = Debug|Any CPU
		{F903DFC2-F96E-4D84-BAAF-F793AC979637}.Debug|Any CPU.Build.0 = Debug|Any CPU
		{F903DFC2-F96E-4D84-BAAF-F793AC979637}.Normal|Any CPU.ActiveCfg = Release|Any CPU
		{F903DFC2-F96E-4D84-BAAF-F793AC979637}.Normal|Any CPU.Build.0 = Release|Any CPU
		{F903DFC2-F96E-4D84-BAAF-F793AC979637}.Release|Any CPU.ActiveCfg = Release|Any CPU
		{F903DFC2-F96E-4D84-BAAF-F793AC979637}.Release|Any CPU.Build.0 = Release|Any CPU
		{C4A8EA60-A8AD-4CE7-8591-7A7195CCC9E3}.Debug|Any CPU.ActiveCfg = Debug|Any CPU
		{C4A8EA60-A8AD-4CE7-8591-7A7195CCC9E3}.Debug|Any CPU.Build.0 = Debug|Any CPU
		{C4A8EA60-A8AD-4CE7-8591-7A7195CCC9E3}.Normal|Any CPU.ActiveCfg = Release|Any CPU
		{C4A8EA60-A8AD-4CE7-8591-7A7195CCC9E3}.Normal|Any CPU.Build.0 = Release|Any CPU
		{C4A8EA60-A8AD-4CE7-8591-7A7195CCC9E3}.Release|Any CPU.ActiveCfg = Release|Any CPU
		{C4A8EA60-A8AD-4CE7-8591-7A7195CCC9E3}.Release|Any CPU.Build.0 = Release|Any CPU
		{6ED66E98-2C3B-4C69-956C-4A9516766100}.Debug|Any CPU.ActiveCfg = Debug|Any CPU
		{6ED66E98-2C3B-4C69-956C-4A9516766100}.Debug|Any CPU.Build.0 = Debug|Any CPU
		{6ED66E98-2C3B-4C69-956C-4A9516766100}.Normal|Any CPU.ActiveCfg = Release|Any CPU
		{6ED66E98-2C3B-4C69-956C-4A9516766100}.Normal|Any CPU.Build.0 = Release|Any CPU
		{6ED66E98-2C3B-4C69-956C-4A9516766100}.Release|Any CPU.ActiveCfg = Release|Any CPU
		{6ED66E98-2C3B-4C69-956C-4A9516766100}.Release|Any CPU.Build.0 = Release|Any CPU
		{B2E1D09C-5034-4069-87C2-940473322CE3}.Debug|Any CPU.ActiveCfg = Debug|Any CPU
		{B2E1D09C-5034-4069-87C2-940473322CE3}.Debug|Any CPU.Build.0 = Debug|Any CPU
		{B2E1D09C-5034-4069-87C2-940473322CE3}.Normal|Any CPU.ActiveCfg = Release|Any CPU
		{B2E1D09C-5034-4069-87C2-940473322CE3}.Normal|Any CPU.Build.0 = Release|Any CPU
		{B2E1D09C-5034-4069-87C2-940473322CE3}.Release|Any CPU.ActiveCfg = Release|Any CPU
		{B2E1D09C-5034-4069-87C2-940473322CE3}.Release|Any CPU.Build.0 = Release|Any CPU
		{2A30F639-910C-4BD3-BCE7-CE36EA7D7D4F}.Debug|Any CPU.ActiveCfg = Debug|Any CPU
		{2A30F639-910C-4BD3-BCE7-CE36EA7D7D4F}.Debug|Any CPU.Build.0 = Debug|Any CPU
		{2A30F639-910C-4BD3-BCE7-CE36EA7D7D4F}.Normal|Any CPU.ActiveCfg = Release|Any CPU
		{2A30F639-910C-4BD3-BCE7-CE36EA7D7D4F}.Normal|Any CPU.Build.0 = Release|Any CPU
		{2A30F639-910C-4BD3-BCE7-CE36EA7D7D4F}.Release|Any CPU.ActiveCfg = Release|Any CPU
		{2A30F639-910C-4BD3-BCE7-CE36EA7D7D4F}.Release|Any CPU.Build.0 = Release|Any CPU
		{B3AADB8D-DE5B-4F8D-96A3-1C559A80E11D}.Debug|Any CPU.ActiveCfg = Debug|Any CPU
		{B3AADB8D-DE5B-4F8D-96A3-1C559A80E11D}.Debug|Any CPU.Build.0 = Debug|Any CPU
		{B3AADB8D-DE5B-4F8D-96A3-1C559A80E11D}.Normal|Any CPU.ActiveCfg = Release|Any CPU
		{B3AADB8D-DE5B-4F8D-96A3-1C559A80E11D}.Normal|Any CPU.Build.0 = Release|Any CPU
		{B3AADB8D-DE5B-4F8D-96A3-1C559A80E11D}.Release|Any CPU.ActiveCfg = Release|Any CPU
		{B3AADB8D-DE5B-4F8D-96A3-1C559A80E11D}.Release|Any CPU.Build.0 = Release|Any CPU
		{735C854C-7962-4CC6-AB74-05FF0EF7A6D2}.Debug|Any CPU.ActiveCfg = Debug|Any CPU
		{735C854C-7962-4CC6-AB74-05FF0EF7A6D2}.Debug|Any CPU.Build.0 = Debug|Any CPU
		{735C854C-7962-4CC6-AB74-05FF0EF7A6D2}.Normal|Any CPU.ActiveCfg = Release|Any CPU
		{735C854C-7962-4CC6-AB74-05FF0EF7A6D2}.Normal|Any CPU.Build.0 = Release|Any CPU
		{735C854C-7962-4CC6-AB74-05FF0EF7A6D2}.Release|Any CPU.ActiveCfg = Release|Any CPU
		{735C854C-7962-4CC6-AB74-05FF0EF7A6D2}.Release|Any CPU.Build.0 = Release|Any CPU
		{D84A2FBF-FD2A-4C38-ABFF-382A4CE1580B}.Debug|Any CPU.ActiveCfg = Debug|Any CPU
		{D84A2FBF-FD2A-4C38-ABFF-382A4CE1580B}.Debug|Any CPU.Build.0 = Debug|Any CPU
		{D84A2FBF-FD2A-4C38-ABFF-382A4CE1580B}.Normal|Any CPU.ActiveCfg = Release|Any CPU
		{D84A2FBF-FD2A-4C38-ABFF-382A4CE1580B}.Normal|Any CPU.Build.0 = Release|Any CPU
		{D84A2FBF-FD2A-4C38-ABFF-382A4CE1580B}.Release|Any CPU.ActiveCfg = Release|Any CPU
		{D84A2FBF-FD2A-4C38-ABFF-382A4CE1580B}.Release|Any CPU.Build.0 = Release|Any CPU
		{9C180FD8-6D64-4112-ABF0-1C177C413A3C}.Debug|Any CPU.ActiveCfg = Debug|Any CPU
		{9C180FD8-6D64-4112-ABF0-1C177C413A3C}.Debug|Any CPU.Build.0 = Debug|Any CPU
		{9C180FD8-6D64-4112-ABF0-1C177C413A3C}.Normal|Any CPU.ActiveCfg = Release|Any CPU
		{9C180FD8-6D64-4112-ABF0-1C177C413A3C}.Normal|Any CPU.Build.0 = Release|Any CPU
		{9C180FD8-6D64-4112-ABF0-1C177C413A3C}.Release|Any CPU.ActiveCfg = Release|Any CPU
		{9C180FD8-6D64-4112-ABF0-1C177C413A3C}.Release|Any CPU.Build.0 = Release|Any CPU
		{B6B2D24F-2B2C-49ED-BAB6-468FFBE63A53}.Debug|Any CPU.ActiveCfg = Debug|Any CPU
		{B6B2D24F-2B2C-49ED-BAB6-468FFBE63A53}.Debug|Any CPU.Build.0 = Debug|Any CPU
		{B6B2D24F-2B2C-49ED-BAB6-468FFBE63A53}.Normal|Any CPU.ActiveCfg = Release|Any CPU
		{B6B2D24F-2B2C-49ED-BAB6-468FFBE63A53}.Normal|Any CPU.Build.0 = Release|Any CPU
		{B6B2D24F-2B2C-49ED-BAB6-468FFBE63A53}.Release|Any CPU.ActiveCfg = Release|Any CPU
		{B6B2D24F-2B2C-49ED-BAB6-468FFBE63A53}.Release|Any CPU.Build.0 = Release|Any CPU
		{C6FEFCBF-307D-4AB7-A9EA-EB49C46BB588}.Debug|Any CPU.ActiveCfg = Debug|Any CPU
		{C6FEFCBF-307D-4AB7-A9EA-EB49C46BB588}.Debug|Any CPU.Build.0 = Debug|Any CPU
		{C6FEFCBF-307D-4AB7-A9EA-EB49C46BB588}.Normal|Any CPU.ActiveCfg = Release|Any CPU
		{C6FEFCBF-307D-4AB7-A9EA-EB49C46BB588}.Normal|Any CPU.Build.0 = Release|Any CPU
		{C6FEFCBF-307D-4AB7-A9EA-EB49C46BB588}.Release|Any CPU.ActiveCfg = Release|Any CPU
		{C6FEFCBF-307D-4AB7-A9EA-EB49C46BB588}.Release|Any CPU.Build.0 = Release|Any CPU
		{8911029A-B1C5-4F55-AD8E-579517E6505D}.Debug|Any CPU.ActiveCfg = Debug|Any CPU
		{8911029A-B1C5-4F55-AD8E-579517E6505D}.Debug|Any CPU.Build.0 = Debug|Any CPU
		{8911029A-B1C5-4F55-AD8E-579517E6505D}.Normal|Any CPU.ActiveCfg = Release|Any CPU
		{8911029A-B1C5-4F55-AD8E-579517E6505D}.Normal|Any CPU.Build.0 = Release|Any CPU
		{8911029A-B1C5-4F55-AD8E-579517E6505D}.Release|Any CPU.ActiveCfg = Release|Any CPU
		{8911029A-B1C5-4F55-AD8E-579517E6505D}.Release|Any CPU.Build.0 = Release|Any CPU
		{DB1A4E54-8C38-4B85-89B7-81A94005565D}.Debug|Any CPU.ActiveCfg = Debug|Any CPU
		{DB1A4E54-8C38-4B85-89B7-81A94005565D}.Debug|Any CPU.Build.0 = Debug|Any CPU
		{DB1A4E54-8C38-4B85-89B7-81A94005565D}.Normal|Any CPU.ActiveCfg = Release|Any CPU
		{DB1A4E54-8C38-4B85-89B7-81A94005565D}.Normal|Any CPU.Build.0 = Release|Any CPU
		{DB1A4E54-8C38-4B85-89B7-81A94005565D}.Release|Any CPU.ActiveCfg = Release|Any CPU
		{DB1A4E54-8C38-4B85-89B7-81A94005565D}.Release|Any CPU.Build.0 = Release|Any CPU
		{588B7BAB-0B68-4A2B-80FE-48140E80FEED}.Debug|Any CPU.ActiveCfg = Debug|Any CPU
		{588B7BAB-0B68-4A2B-80FE-48140E80FEED}.Debug|Any CPU.Build.0 = Debug|Any CPU
		{588B7BAB-0B68-4A2B-80FE-48140E80FEED}.Normal|Any CPU.ActiveCfg = Release|Any CPU
		{588B7BAB-0B68-4A2B-80FE-48140E80FEED}.Normal|Any CPU.Build.0 = Release|Any CPU
		{588B7BAB-0B68-4A2B-80FE-48140E80FEED}.Release|Any CPU.ActiveCfg = Release|Any CPU
		{588B7BAB-0B68-4A2B-80FE-48140E80FEED}.Release|Any CPU.Build.0 = Release|Any CPU
		{75061A6F-EC10-4D1C-8E57-C70003B6073C}.Debug|Any CPU.ActiveCfg = Debug|Any CPU
		{75061A6F-EC10-4D1C-8E57-C70003B6073C}.Debug|Any CPU.Build.0 = Debug|Any CPU
		{75061A6F-EC10-4D1C-8E57-C70003B6073C}.Normal|Any CPU.ActiveCfg = Release|Any CPU
		{75061A6F-EC10-4D1C-8E57-C70003B6073C}.Normal|Any CPU.Build.0 = Release|Any CPU
		{75061A6F-EC10-4D1C-8E57-C70003B6073C}.Release|Any CPU.ActiveCfg = Release|Any CPU
		{75061A6F-EC10-4D1C-8E57-C70003B6073C}.Release|Any CPU.Build.0 = Release|Any CPU
		{B6AEA854-76D1-4221-B8C8-FF9D5D623AE6}.Debug|Any CPU.ActiveCfg = Debug|Any CPU
		{B6AEA854-76D1-4221-B8C8-FF9D5D623AE6}.Debug|Any CPU.Build.0 = Debug|Any CPU
		{B6AEA854-76D1-4221-B8C8-FF9D5D623AE6}.Normal|Any CPU.ActiveCfg = Release|Any CPU
		{B6AEA854-76D1-4221-B8C8-FF9D5D623AE6}.Normal|Any CPU.Build.0 = Release|Any CPU
		{B6AEA854-76D1-4221-B8C8-FF9D5D623AE6}.Release|Any CPU.ActiveCfg = Release|Any CPU
		{B6AEA854-76D1-4221-B8C8-FF9D5D623AE6}.Release|Any CPU.Build.0 = Release|Any CPU
		{3570D6B6-8DF9-407B-96BC-85F5D4ECB9D7}.Debug|Any CPU.ActiveCfg = Debug|Any CPU
		{3570D6B6-8DF9-407B-96BC-85F5D4ECB9D7}.Debug|Any CPU.Build.0 = Debug|Any CPU
		{3570D6B6-8DF9-407B-96BC-85F5D4ECB9D7}.Normal|Any CPU.ActiveCfg = Release|Any CPU
		{3570D6B6-8DF9-407B-96BC-85F5D4ECB9D7}.Normal|Any CPU.Build.0 = Release|Any CPU
		{3570D6B6-8DF9-407B-96BC-85F5D4ECB9D7}.Release|Any CPU.ActiveCfg = Release|Any CPU
		{3570D6B6-8DF9-407B-96BC-85F5D4ECB9D7}.Release|Any CPU.Build.0 = Release|Any CPU
		{CE9E7584-C899-4D17-9115-E679C10A7F2C}.Debug|Any CPU.ActiveCfg = Debug|Any CPU
		{CE9E7584-C899-4D17-9115-E679C10A7F2C}.Debug|Any CPU.Build.0 = Debug|Any CPU
		{CE9E7584-C899-4D17-9115-E679C10A7F2C}.Normal|Any CPU.ActiveCfg = Release|Any CPU
		{CE9E7584-C899-4D17-9115-E679C10A7F2C}.Normal|Any CPU.Build.0 = Release|Any CPU
		{CE9E7584-C899-4D17-9115-E679C10A7F2C}.Release|Any CPU.ActiveCfg = Release|Any CPU
		{CE9E7584-C899-4D17-9115-E679C10A7F2C}.Release|Any CPU.Build.0 = Release|Any CPU
		{23CD3FA1-61E9-45E7-9D52-553F68DA356F}.Debug|Any CPU.ActiveCfg = Debug|Any CPU
		{23CD3FA1-61E9-45E7-9D52-553F68DA356F}.Debug|Any CPU.Build.0 = Debug|Any CPU
		{23CD3FA1-61E9-45E7-9D52-553F68DA356F}.Normal|Any CPU.ActiveCfg = Release|Any CPU
		{23CD3FA1-61E9-45E7-9D52-553F68DA356F}.Normal|Any CPU.Build.0 = Release|Any CPU
		{23CD3FA1-61E9-45E7-9D52-553F68DA356F}.Release|Any CPU.ActiveCfg = Release|Any CPU
		{23CD3FA1-61E9-45E7-9D52-553F68DA356F}.Release|Any CPU.Build.0 = Release|Any CPU
		{7AAC79D5-65AC-424E-B202-C5CD1E568BD9}.Debug|Any CPU.ActiveCfg = Debug|Any CPU
		{7AAC79D5-65AC-424E-B202-C5CD1E568BD9}.Debug|Any CPU.Build.0 = Debug|Any CPU
		{7AAC79D5-65AC-424E-B202-C5CD1E568BD9}.Normal|Any CPU.ActiveCfg = Release|Any CPU
		{7AAC79D5-65AC-424E-B202-C5CD1E568BD9}.Normal|Any CPU.Build.0 = Release|Any CPU
		{7AAC79D5-65AC-424E-B202-C5CD1E568BD9}.Release|Any CPU.ActiveCfg = Release|Any CPU
		{7AAC79D5-65AC-424E-B202-C5CD1E568BD9}.Release|Any CPU.Build.0 = Release|Any CPU
		{C65AA38F-A7B5-4932-BF2F-24107F7D783C}.Debug|Any CPU.ActiveCfg = Debug|Any CPU
		{C65AA38F-A7B5-4932-BF2F-24107F7D783C}.Debug|Any CPU.Build.0 = Debug|Any CPU
		{C65AA38F-A7B5-4932-BF2F-24107F7D783C}.Normal|Any CPU.ActiveCfg = Release|Any CPU
		{C65AA38F-A7B5-4932-BF2F-24107F7D783C}.Normal|Any CPU.Build.0 = Release|Any CPU
		{C65AA38F-A7B5-4932-BF2F-24107F7D783C}.Release|Any CPU.ActiveCfg = Release|Any CPU
		{C65AA38F-A7B5-4932-BF2F-24107F7D783C}.Release|Any CPU.Build.0 = Release|Any CPU
		{47384B46-2C65-4B6A-83BB-C43798383049}.Debug|Any CPU.ActiveCfg = Debug|Any CPU
		{47384B46-2C65-4B6A-83BB-C43798383049}.Debug|Any CPU.Build.0 = Debug|Any CPU
		{47384B46-2C65-4B6A-83BB-C43798383049}.Normal|Any CPU.ActiveCfg = Release|Any CPU
		{47384B46-2C65-4B6A-83BB-C43798383049}.Normal|Any CPU.Build.0 = Release|Any CPU
		{47384B46-2C65-4B6A-83BB-C43798383049}.Release|Any CPU.ActiveCfg = Release|Any CPU
		{47384B46-2C65-4B6A-83BB-C43798383049}.Release|Any CPU.Build.0 = Release|Any CPU
		{B1FFECE4-B768-419D-AC31-837E0A759369}.Debug|Any CPU.ActiveCfg = Debug|Any CPU
		{B1FFECE4-B768-419D-AC31-837E0A759369}.Debug|Any CPU.Build.0 = Debug|Any CPU
		{B1FFECE4-B768-419D-AC31-837E0A759369}.Normal|Any CPU.ActiveCfg = Release|Any CPU
		{B1FFECE4-B768-419D-AC31-837E0A759369}.Normal|Any CPU.Build.0 = Release|Any CPU
		{B1FFECE4-B768-419D-AC31-837E0A759369}.Release|Any CPU.ActiveCfg = Release|Any CPU
		{B1FFECE4-B768-419D-AC31-837E0A759369}.Release|Any CPU.Build.0 = Release|Any CPU
		{588B0512-8F26-454C-B72C-A38E9B5FD129}.Debug|Any CPU.ActiveCfg = Debug|Any CPU
		{588B0512-8F26-454C-B72C-A38E9B5FD129}.Debug|Any CPU.Build.0 = Debug|Any CPU
		{588B0512-8F26-454C-B72C-A38E9B5FD129}.Normal|Any CPU.ActiveCfg = Release|Any CPU
		{588B0512-8F26-454C-B72C-A38E9B5FD129}.Normal|Any CPU.Build.0 = Release|Any CPU
		{588B0512-8F26-454C-B72C-A38E9B5FD129}.Release|Any CPU.ActiveCfg = Release|Any CPU
		{588B0512-8F26-454C-B72C-A38E9B5FD129}.Release|Any CPU.Build.0 = Release|Any CPU
		{EB7EB57D-8F1E-4FA2-AA5F-B04F498DB5C5}.Debug|Any CPU.ActiveCfg = Debug|Any CPU
		{EB7EB57D-8F1E-4FA2-AA5F-B04F498DB5C5}.Debug|Any CPU.Build.0 = Debug|Any CPU
		{EB7EB57D-8F1E-4FA2-AA5F-B04F498DB5C5}.Normal|Any CPU.ActiveCfg = Release|Any CPU
		{EB7EB57D-8F1E-4FA2-AA5F-B04F498DB5C5}.Normal|Any CPU.Build.0 = Release|Any CPU
		{EB7EB57D-8F1E-4FA2-AA5F-B04F498DB5C5}.Release|Any CPU.ActiveCfg = Release|Any CPU
		{EB7EB57D-8F1E-4FA2-AA5F-B04F498DB5C5}.Release|Any CPU.Build.0 = Release|Any CPU
		{5F5E2ABB-3164-4588-8832-44C137F9BDAF}.Debug|Any CPU.ActiveCfg = Debug|Any CPU
		{5F5E2ABB-3164-4588-8832-44C137F9BDAF}.Debug|Any CPU.Build.0 = Debug|Any CPU
		{5F5E2ABB-3164-4588-8832-44C137F9BDAF}.Normal|Any CPU.ActiveCfg = Release|Any CPU
		{5F5E2ABB-3164-4588-8832-44C137F9BDAF}.Normal|Any CPU.Build.0 = Release|Any CPU
		{5F5E2ABB-3164-4588-8832-44C137F9BDAF}.Release|Any CPU.ActiveCfg = Release|Any CPU
		{5F5E2ABB-3164-4588-8832-44C137F9BDAF}.Release|Any CPU.Build.0 = Release|Any CPU
	EndGlobalSection
	GlobalSection(SolutionProperties) = preSolution
		HideSolutionNode = FALSE
	EndGlobalSection
	GlobalSection(NestedProjects) = preSolution
		{11E53CA8-C8C4-4C4D-8600-A86F4CB7A7D0} = {CA8C4659-45FD-497C-A5B7-A7BE1DEB337A}
		{9C180FD8-6D64-4112-ABF0-1C177C413A3C} = {CA8C4659-45FD-497C-A5B7-A7BE1DEB337A}
		{B6B2D24F-2B2C-49ED-BAB6-468FFBE63A53} = {CA8C4659-45FD-497C-A5B7-A7BE1DEB337A}
		{593C83CB-8F3C-4A0B-BA8C-306CDDDD3103} = {94BA2FF6-1EBF-4F12-8A98-D840FC037941}
		{76574DDB-8EDE-4ABF-8696-B1C9E7189304} = {94BA2FF6-1EBF-4F12-8A98-D840FC037941}
		{815303C7-B11D-4141-9C07-2A62716D4ACB} = {94BA2FF6-1EBF-4F12-8A98-D840FC037941}
		{75061A6F-EC10-4D1C-8E57-C70003B6073C} = {94BA2FF6-1EBF-4F12-8A98-D840FC037941}
		{23CD3FA1-61E9-45E7-9D52-553F68DA356F} = {94BA2FF6-1EBF-4F12-8A98-D840FC037941}
		{7AAC79D5-65AC-424E-B202-C5CD1E568BD9} = {94BA2FF6-1EBF-4F12-8A98-D840FC037941}
		{C65AA38F-A7B5-4932-BF2F-24107F7D783C} = {94BA2FF6-1EBF-4F12-8A98-D840FC037941}
		{47384B46-2C65-4B6A-83BB-C43798383049} = {94BA2FF6-1EBF-4F12-8A98-D840FC037941}
		{08054946-DB62-4C82-B0B1-49F4337626C2} = {8209E700-18E3-49F4-93F8-51D84EA23C05}
		{83D46C9E-76C8-4A6E-8FD8-3DA4279FC59C} = {8209E700-18E3-49F4-93F8-51D84EA23C05}
		{43898715-C087-45C0-A4CA-7145E05C95B6} = {8209E700-18E3-49F4-93F8-51D84EA23C05}
		{FCA18EAF-AB24-4469-ABDF-6A7EDFAFD899} = {8209E700-18E3-49F4-93F8-51D84EA23C05}
		{C6FEFCBF-307D-4AB7-A9EA-EB49C46BB588} = {8209E700-18E3-49F4-93F8-51D84EA23C05}
		{ABD6A578-54F4-4FD9-9553-A0C4D99F7DF0} = {2A019602-B011-473E-9903-4ECC79476ADE}
		{F903DFC2-F96E-4D84-BAAF-F793AC979637} = {2A019602-B011-473E-9903-4ECC79476ADE}
		{C4A8EA60-A8AD-4CE7-8591-7A7195CCC9E3} = {2A019602-B011-473E-9903-4ECC79476ADE}
		{8911029A-B1C5-4F55-AD8E-579517E6505D} = {2A019602-B011-473E-9903-4ECC79476ADE}
		{B6AEA854-76D1-4221-B8C8-FF9D5D623AE6} = {2A019602-B011-473E-9903-4ECC79476ADE}
		{3570D6B6-8DF9-407B-96BC-85F5D4ECB9D7} = {2A019602-B011-473E-9903-4ECC79476ADE}
		{CE9E7584-C899-4D17-9115-E679C10A7F2C} = {2A019602-B011-473E-9903-4ECC79476ADE}
		{88B5957C-9D53-468F-A2D0-EAB970DFD7D1} = {2A019602-B011-473E-9903-4ECC79476ADE}
		{6ED66E98-2C3B-4C69-956C-4A9516766100} = {7D826420-49A0-4A82-AF46-27526B904134}
		{B2E1D09C-5034-4069-87C2-940473322CE3} = {7D826420-49A0-4A82-AF46-27526B904134}
		{2A30F639-910C-4BD3-BCE7-CE36EA7D7D4F} = {7D826420-49A0-4A82-AF46-27526B904134}
		{B3AADB8D-DE5B-4F8D-96A3-1C559A80E11D} = {7D826420-49A0-4A82-AF46-27526B904134}
		{735C854C-7962-4CC6-AB74-05FF0EF7A6D2} = {7D826420-49A0-4A82-AF46-27526B904134}
		{D84A2FBF-FD2A-4C38-ABFF-382A4CE1580B} = {7D826420-49A0-4A82-AF46-27526B904134}
		{DB1A4E54-8C38-4B85-89B7-81A94005565D} = {7D826420-49A0-4A82-AF46-27526B904134}
		{588B7BAB-0B68-4A2B-80FE-48140E80FEED} = {7D826420-49A0-4A82-AF46-27526B904134}
		{B1FFECE4-B768-419D-AC31-837E0A759369} = {88B5957C-9D53-468F-A2D0-EAB970DFD7D1}
		{588B0512-8F26-454C-B72C-A38E9B5FD129} = {88B5957C-9D53-468F-A2D0-EAB970DFD7D1}
		{EB7EB57D-8F1E-4FA2-AA5F-B04F498DB5C5} = {88B5957C-9D53-468F-A2D0-EAB970DFD7D1}
		{5F5E2ABB-3164-4588-8832-44C137F9BDAF} = {88B5957C-9D53-468F-A2D0-EAB970DFD7D1}
	EndGlobalSection
	GlobalSection(ExtensibilityGlobals) = postSolution
		EnterpriseLibraryConfigurationToolBinariesPath = packages\Unity.2.1.505.2\lib\NET35
	EndGlobalSection
EndGlobal
